{
  "name": "Synoptico",
  "version": "0.3.2",
  "lockfileVersion": 1,
  "requires": true,
  "dependencies": {
    "baconjs": {
      "version": "1.0.1",
      "resolved": "https://registry.npmjs.org/baconjs/-/baconjs-1.0.1.tgz",
      "integrity": "sha512-f4YHGKrxagnsgzrd5E33VIcfTJaFBgBwvwINP0vi0mJW9Rddjda6sG/ICBeT5a5foZmqwWDhRbWpbSH+TLVKxw=="
    },
    "ramda": {
      "version": "0.25.0",
      "resolved": "https://registry.npmjs.org/ramda/-/ramda-0.25.0.tgz",
      "integrity": "sha512-GXpfrYVPwx3K7RQ6aYT8KPS8XViSXUVJT1ONhoKPE9VAleW42YE+U+8VEyGWt41EnEQW7gwecYJriTI0pKoecQ=="
    }
  }
}
